{
  "name": "touwa.js",
  "version": "1.0.0",
  "lockfileVersion": 1,
  "requires": true,
  "dependencies": {
    "@types/lru-cache": {
      "version": "4.1.3",
      "resolved": "https://registry.npmjs.org/@types/lru-cache/-/lru-cache-4.1.3.tgz",
      "integrity": "sha512-QjCOmf5kYwekcsfEKhcEHMK8/SvgnneuSDXFERBuC/DPca2KJIO/gpChTsVb35BoWLBpEAJWz1GFVEArSdtKtw=="
    },
    "@types/node": {
      "version": "16.3.3",
      "resolved": "https://registry.npmjs.org/@types/node/-/node-16.3.3.tgz",
      "integrity": "sha512-8h7k1YgQKxKXWckzFCMfsIwn0Y61UK6tlD6y2lOb3hTOIMlK3t9/QwHOhc81TwU+RMf0As5fj7NPjroERCnejQ==",
      "dev": true
    },
    "axios": {
      "version": "0.21.1",
      "resolved": "https://registry.npmjs.org/axios/-/axios-0.21.1.tgz",
      "integrity": "sha512-dKQiRHxGD9PPRIUNIWvZhPTPpl1rf/OxTYKsqKUDjBwYylTvV7SjSHJb9ratfyzM6wCdLCOYLzs73qpg5c4iGA==",
      "requires": {
        "follow-redirects": "^1.10.0"
      }
    },
    "axios-extensions": {
      "version": "3.1.3",
      "resolved": "https://registry.npmjs.org/axios-extensions/-/axios-extensions-3.1.3.tgz",
      "integrity": "sha512-/OB9OcJLNOIx9pdW4m4/hFRvNo12wlX5BaprIzqpMaLR02I88Mr98/wW4QN9rhx0/yg9rM7i6Af/RpV4MyxXjA==",
      "requires": {
        "@types/lru-cache": "^4.1.1",
        "lru-cache": "^5.1.1",
        "tslib": "^1.9.0",
        "util": "^0.11.1"
      }
    },
    "follow-redirects": {
      "version": "1.14.1",
      "resolved": "https://registry.npmjs.org/follow-redirects/-/follow-redirects-1.14.1.tgz",
      "integrity": "sha512-HWqDgT7ZEkqRzBvc2s64vSZ/hfOceEol3ac/7tKwzuvEyWx3/4UegXh5oBOIotkGsObyk3xznnSRVADBgWSQVg=="
    },
    "inherits": {
      "version": "2.0.3",
      "resolved": "https://registry.npmjs.org/inherits/-/inherits-2.0.3.tgz",
      "integrity": "sha1-Yzwsg+PaQqUC9SRmAiSA9CCCYd4="
    },
    "lru-cache": {
      "version": "5.1.1",
      "resolved": "https://registry.npmjs.org/lru-cache/-/lru-cache-5.1.1.tgz",
      "integrity": "sha512-KpNARQA3Iwv+jTA0utUVVbrh+Jlrr1Fv0e56GGzAFOXN7dk/FviaDW8LHmK52DlcH4WP2n6gI8vN1aesBFgo9w==",
      "requires": {
        "yallist": "^3.0.2"
      }
    },
    "tslib": {
      "version": "1.14.1",
      "resolved": "https://registry.npmjs.org/tslib/-/tslib-1.14.1.tgz",
      "integrity": "sha512-Xni35NKzjgMrwevysHTCArtLDpPvye8zV/0E4EyYn43P7/7qvQwPh9BGkHewbMulVntbigmcT7rdX3BNo9wRJg=="
    },
    "typescript": {
      "version": "4.3.5",
      "resolved": "https://registry.npmjs.org/typescript/-/typescript-4.3.5.tgz",
      "integrity": "sha512-DqQgihaQ9cUrskJo9kIyW/+g0Vxsk8cDtZ52a3NGh0YNTfpUSArXSohyUGnvbPazEPLu398C0UxmKSOrPumUzA==",
      "dev": true
    },
    "util": {
      "version": "0.11.1",
      "resolved": "https://registry.npmjs.org/util/-/util-0.11.1.tgz",
      "integrity": "sha512-HShAsny+zS2TZfaXxD9tYj4HQGlBezXZMZuM/S5PKLLoZkShZiGk9o5CzukI1LVHZvjdvZ2Sj1aW/Ndn2NB/HQ==",
      "requires": {
        "inherits": "2.0.3"
      }
    },
    "yallist": {
      "version": "3.1.1",
      "resolved": "https://registry.npmjs.org/yallist/-/yallist-3.1.1.tgz",
      "integrity": "sha512-a4UGQaWPH59mOXUYnAG2ewncQS4i4F43Tv3JoAM+s2VDAmS9NsK8GpDMLrCHPksFT7h3K6TOoUNn2pb7RoXx4g=="
    }
  }
}
